
Microsoft Visual Studio Solution File, Format Version 12.00
# Visual Studio 15
VisualStudioVersion = 15.0.27703.2026
MinimumVisualStudioVersion = 10.0.40219.1
Project("{FAE04EC0-301F-11D3-BF4B-00C04F79EFBC}") = "MyScullion.Android", "MyScullion\MyScullion.Android\MyScullion.Android.csproj", "{F69E17C8-E7DB-4B16-B93B-C8636DC82264}"
EndProject
Project("{FAE04EC0-301F-11D3-BF4B-00C04F79EFBC}") = "MyScullion.iOS", "MyScullion\MyScullion.iOS\MyScullion.iOS.csproj", "{E6F9A402-7405-4375-BC56-EE0172CBEE59}"
EndProject
Project("{9A19103F-16F7-4668-BE54-9A1E7A4F7556}") = "MyScullion", "MyScullion\MyScullion\MyScullion.csproj", "{6643CCED-F214-4F77-BE6D-48F1912F0322}"
EndProject
Project("{FAE04EC0-301F-11D3-BF4B-00C04F79EFBC}") = "MyScullion.Maintanance", "MyScullion.Maintanance\MyScullion.Maintanance.csproj", "{1038C3B0-A8D7-4EAB-A460-AF4FFEAF037E}"
EndProject
Project("{9A19103F-16F7-4668-BE54-9A1E7A4F7556}") = "MyScullion.Models", "MyScullion.Models\MyScullion.Models.csproj", "{88FDD4E2-B71F-425C-A8A3-BC7BCEDAEB3E}"
EndProject
Global
	GlobalSection(SolutionConfigurationPlatforms) = preSolution
		Ad-Hoc|Any CPU = Ad-Hoc|Any CPU
		Ad-Hoc|iPhone = Ad-Hoc|iPhone
		Ad-Hoc|iPhoneSimulator = Ad-Hoc|iPhoneSimulator
		AppStore|Any CPU = AppStore|Any CPU
		AppStore|iPhone = AppStore|iPhone
		AppStore|iPhoneSimulator = AppStore|iPhoneSimulator
		Debug|Any CPU = Debug|Any CPU
		Debug|iPhone = Debug|iPhone
		Debug|iPhoneSimulator = Debug|iPhoneSimulator
		Release|Any CPU = Release|Any CPU
		Release|iPhone = Release|iPhone
		Release|iPhoneSimulator = Release|iPhoneSimulator
	EndGlobalSection
	GlobalSection(ProjectConfigurationPlatforms) = postSolution
		{F69E17C8-E7DB-4B16-B93B-C8636DC82264}.Ad-Hoc|Any CPU.ActiveCfg = Release|Any CPU
		{F69E17C8-E7DB-4B16-B93B-C8636DC82264}.Ad-Hoc|Any CPU.Build.0 = Release|Any CPU
		{F69E17C8-E7DB-4B16-B93B-C8636DC82264}.Ad-Hoc|Any CPU.Deploy.0 = Release|Any CPU
		{F69E17C8-E7DB-4B16-B93B-C8636DC82264}.Ad-Hoc|iPhone.ActiveCfg = Release|Any CPU
		{F69E17C8-E7DB-4B16-B93B-C8636DC82264}.Ad-Hoc|iPhone.Build.0 = Release|Any CPU
		{F69E17C8-E7DB-4B16-B93B-C8636DC82264}.Ad-Hoc|iPhone.Deploy.0 = Release|Any CPU
		{F69E17C8-E7DB-4B16-B93B-C8636DC82264}.Ad-Hoc|iPhoneSimulator.ActiveCfg = Release|Any CPU
		{F69E17C8-E7DB-4B16-B93B-C8636DC82264}.Ad-Hoc|iPhoneSimulator.Build.0 = Release|Any CPU
		{F69E17C8-E7DB-4B16-B93B-C8636DC82264}.Ad-Hoc|iPhoneSimulator.Deploy.0 = Release|Any CPU
		{F69E17C8-E7DB-4B16-B93B-C8636DC82264}.AppStore|Any CPU.ActiveCfg = Release|Any CPU
		{F69E17C8-E7DB-4B16-B93B-C8636DC82264}.AppStore|Any CPU.Build.0 = Release|Any CPU
		{F69E17C8-E7DB-4B16-B93B-C8636DC82264}.AppStore|Any CPU.Deploy.0 = Release|Any CPU
		{F69E17C8-E7DB-4B16-B93B-C8636DC82264}.AppStore|iPhone.ActiveCfg = Release|Any CPU
		{F69E17C8-E7DB-4B16-B93B-C8636DC82264}.AppStore|iPhone.Build.0 = Release|Any CPU
		{F69E17C8-E7DB-4B16-B93B-C8636DC82264}.AppStore|iPhone.Deploy.0 = Release|Any CPU
		{F69E17C8-E7DB-4B16-B93B-C8636DC82264}.AppStore|iPhoneSimulator.ActiveCfg = Release|Any CPU
		{F69E17C8-E7DB-4B16-B93B-C8636DC82264}.AppStore|iPhoneSimulator.Build.0 = Release|Any CPU
		{F69E17C8-E7DB-4B16-B93B-C8636DC82264}.AppStore|iPhoneSimulator.Deploy.0 = Release|Any CPU
		{F69E17C8-E7DB-4B16-B93B-C8636DC82264}.Debug|Any CPU.ActiveCfg = Debug|Any CPU
		{F69E17C8-E7DB-4B16-B93B-C8636DC82264}.Debug|Any CPU.Build.0 = Debug|Any CPU
		{F69E17C8-E7DB-4B16-B93B-C8636DC82264}.Debug|Any CPU.Deploy.0 = Debug|Any CPU
		{F69E17C8-E7DB-4B16-B93B-C8636DC82264}.Debug|iPhone.ActiveCfg = Debug|Any CPU
		{F69E17C8-E7DB-4B16-B93B-C8636DC82264}.Debug|iPhone.Build.0 = Debug|Any CPU
		{F69E17C8-E7DB-4B16-B93B-C8636DC82264}.Debug|iPhone.Deploy.0 = Debug|Any CPU
		{F69E17C8-E7DB-4B16-B93B-C8636DC82264}.Debug|iPhoneSimulator.ActiveCfg = Debug|Any CPU
		{F69E17C8-E7DB-4B16-B93B-C8636DC82264}.Debug|iPhoneSimulator.Build.0 = Debug|Any CPU
		{F69E17C8-E7DB-4B16-B93B-C8636DC82264}.Debug|iPhoneSimulator.Deploy.0 = Debug|Any CPU
		{F69E17C8-E7DB-4B16-B93B-C8636DC82264}.Release|Any CPU.ActiveCfg = Release|Any CPU
		{F69E17C8-E7DB-4B16-B93B-C8636DC82264}.Release|Any CPU.Build.0 = Release|Any CPU
		{F69E17C8-E7DB-4B16-B93B-C8636DC82264}.Release|Any CPU.Deploy.0 = Release|Any CPU
		{F69E17C8-E7DB-4B16-B93B-C8636DC82264}.Release|iPhone.ActiveCfg = Release|Any CPU
		{F69E17C8-E7DB-4B16-B93B-C8636DC82264}.Release|iPhone.Build.0 = Release|Any CPU
		{F69E17C8-E7DB-4B16-B93B-C8636DC82264}.Release|iPhone.Deploy.0 = Release|Any CPU
		{F69E17C8-E7DB-4B16-B93B-C8636DC82264}.Release|iPhoneSimulator.ActiveCfg = Release|Any CPU
		{F69E17C8-E7DB-4B16-B93B-C8636DC82264}.Release|iPhoneSimulator.Build.0 = Release|Any CPU
		{F69E17C8-E7DB-4B16-B93B-C8636DC82264}.Release|iPhoneSimulator.Deploy.0 = Release|Any CPU
		{E6F9A402-7405-4375-BC56-EE0172CBEE59}.Ad-Hoc|Any CPU.ActiveCfg = Ad-Hoc|iPhone
		{E6F9A402-7405-4375-BC56-EE0172CBEE59}.Ad-Hoc|Any CPU.Build.0 = Ad-Hoc|iPhone
		{E6F9A402-7405-4375-BC56-EE0172CBEE59}.Ad-Hoc|Any CPU.Deploy.0 = Ad-Hoc|iPhone
		{E6F9A402-7405-4375-BC56-EE0172CBEE59}.Ad-Hoc|iPhone.ActiveCfg = Ad-Hoc|iPhone
		{E6F9A402-7405-4375-BC56-EE0172CBEE59}.Ad-Hoc|iPhone.Build.0 = Ad-Hoc|iPhone
		{E6F9A402-7405-4375-BC56-EE0172CBEE59}.Ad-Hoc|iPhone.Deploy.0 = Ad-Hoc|iPhone
		{E6F9A402-7405-4375-BC56-EE0172CBEE59}.Ad-Hoc|iPhoneSimulator.ActiveCfg = Ad-Hoc|iPhoneSimulator
		{E6F9A402-7405-4375-BC56-EE0172CBEE59}.Ad-Hoc|iPhoneSimulator.Build.0 = Ad-Hoc|iPhoneSimulator
		{E6F9A402-7405-4375-BC56-EE0172CBEE59}.Ad-Hoc|iPhoneSimulator.Deploy.0 = Ad-Hoc|iPhoneSimulator
		{E6F9A402-7405-4375-BC56-EE0172CBEE59}.AppStore|Any CPU.ActiveCfg = AppStore|iPhone
		{E6F9A402-7405-4375-BC56-EE0172CBEE59}.AppStore|Any CPU.Build.0 = AppStore|iPhone
		{E6F9A402-7405-4375-BC56-EE0172CBEE59}.AppStore|Any CPU.Deploy.0 = AppStore|iPhone
		{E6F9A402-7405-4375-BC56-EE0172CBEE59}.AppStore|iPhone.ActiveCfg = AppStore|iPhone
		{E6F9A402-7405-4375-BC56-EE0172CBEE59}.AppStore|iPhone.Build.0 = AppStore|iPhone
		{E6F9A402-7405-4375-BC56-EE0172CBEE59}.AppStore|iPhone.Deploy.0 = AppStore|iPhone
		{E6F9A402-7405-4375-BC56-EE0172CBEE59}.AppStore|iPhoneSimulator.ActiveCfg = AppStore|iPhoneSimulator
		{E6F9A402-7405-4375-BC56-EE0172CBEE59}.AppStore|iPhoneSimulator.Build.0 = AppStore|iPhoneSimulator
		{E6F9A402-7405-4375-BC56-EE0172CBEE59}.AppStore|iPhoneSimulator.Deploy.0 = AppStore|iPhoneSimulator
		{E6F9A402-7405-4375-BC56-EE0172CBEE59}.Debug|Any CPU.ActiveCfg = Debug|iPhoneSimulator
		{E6F9A402-7405-4375-BC56-EE0172CBEE59}.Debug|Any CPU.Build.0 = Debug|iPhoneSimulator
		{E6F9A402-7405-4375-BC56-EE0172CBEE59}.Debug|Any CPU.Deploy.0 = Debug|iPhoneSimulator
		{E6F9A402-7405-4375-BC56-EE0172CBEE59}.Debug|iPhone.ActiveCfg = Debug|iPhone
		{E6F9A402-7405-4375-BC56-EE0172CBEE59}.Debug|iPhone.Build.0 = Debug|iPhone
		{E6F9A402-7405-4375-BC56-EE0172CBEE59}.Debug|iPhone.Deploy.0 = Debug|iPhone
		{E6F9A402-7405-4375-BC56-EE0172CBEE59}.Debug|iPhoneSimulator.ActiveCfg = Debug|iPhoneSimulator
		{E6F9A402-7405-4375-BC56-EE0172CBEE59}.Debug|iPhoneSimulator.Build.0 = Debug|iPhoneSimulator
		{E6F9A402-7405-4375-BC56-EE0172CBEE59}.Debug|iPhoneSimulator.Deploy.0 = Debug|iPhoneSimulator
		{E6F9A402-7405-4375-BC56-EE0172CBEE59}.Release|Any CPU.ActiveCfg = Release|iPhone
		{E6F9A402-7405-4375-BC56-EE0172CBEE59}.Release|Any CPU.Build.0 = Release|iPhone
		{E6F9A402-7405-4375-BC56-EE0172CBEE59}.Release|Any CPU.Deploy.0 = Release|iPhone
		{E6F9A402-7405-4375-BC56-EE0172CBEE59}.Release|iPhone.ActiveCfg = Release|iPhone
		{E6F9A402-7405-4375-BC56-EE0172CBEE59}.Release|iPhone.Build.0 = Release|iPhone
		{E6F9A402-7405-4375-BC56-EE0172CBEE59}.Release|iPhone.Deploy.0 = Release|iPhone
		{E6F9A402-7405-4375-BC56-EE0172CBEE59}.Release|iPhoneSimulator.ActiveCfg = Release|iPhoneSimulator
		{E6F9A402-7405-4375-BC56-EE0172CBEE59}.Release|iPhoneSimulator.Build.0 = Release|iPhoneSimulator
		{E6F9A402-7405-4375-BC56-EE0172CBEE59}.Release|iPhoneSimulator.Deploy.0 = Release|iPhoneSimulator
		{6643CCED-F214-4F77-BE6D-48F1912F0322}.Ad-Hoc|Any CPU.ActiveCfg = Debug|Any CPU
		{6643CCED-F214-4F77-BE6D-48F1912F0322}.Ad-Hoc|Any CPU.Build.0 = Debug|Any CPU
		{6643CCED-F214-4F77-BE6D-48F1912F0322}.Ad-Hoc|Any CPU.Deploy.0 = Debug|Any CPU
		{6643CCED-F214-4F77-BE6D-48F1912F0322}.Ad-Hoc|iPhone.ActiveCfg = Debug|Any CPU
		{6643CCED-F214-4F77-BE6D-48F1912F0322}.Ad-Hoc|iPhone.Build.0 = Debug|Any CPU
		{6643CCED-F214-4F77-BE6D-48F1912F0322}.Ad-Hoc|iPhone.Deploy.0 = Debug|Any CPU
		{6643CCED-F214-4F77-BE6D-48F1912F0322}.Ad-Hoc|iPhoneSimulator.ActiveCfg = Debug|Any CPU
		{6643CCED-F214-4F77-BE6D-48F1912F0322}.Ad-Hoc|iPhoneSimulator.Build.0 = Debug|Any CPU
		{6643CCED-F214-4F77-BE6D-48F1912F0322}.Ad-Hoc|iPhoneSimulator.Deploy.0 = Debug|Any CPU
		{6643CCED-F214-4F77-BE6D-48F1912F0322}.AppStore|Any CPU.ActiveCfg = Debug|Any CPU
		{6643CCED-F214-4F77-BE6D-48F1912F0322}.AppStore|Any CPU.Build.0 = Debug|Any CPU
		{6643CCED-F214-4F77-BE6D-48F1912F0322}.AppStore|Any CPU.Deploy.0 = Debug|Any CPU
		{6643CCED-F214-4F77-BE6D-48F1912F0322}.AppStore|iPhone.ActiveCfg = Debug|Any CPU
		{6643CCED-F214-4F77-BE6D-48F1912F0322}.AppStore|iPhone.Build.0 = Debug|Any CPU
		{6643CCED-F214-4F77-BE6D-48F1912F0322}.AppStore|iPhone.Deploy.0 = Debug|Any CPU
		{6643CCED-F214-4F77-BE6D-48F1912F0322}.AppStore|iPhoneSimulator.ActiveCfg = Debug|Any CPU
		{6643CCED-F214-4F77-BE6D-48F1912F0322}.AppStore|iPhoneSimulator.Build.0 = Debug|Any CPU
		{6643CCED-F214-4F77-BE6D-48F1912F0322}.AppStore|iPhoneSimulator.Deploy.0 = Debug|Any CPU
		{6643CCED-F214-4F77-BE6D-48F1912F0322}.Debug|Any CPU.ActiveCfg = Debug|Any CPU
		{6643CCED-F214-4F77-BE6D-48F1912F0322}.Debug|Any CPU.Build.0 = Debug|Any CPU
		{6643CCED-F214-4F77-BE6D-48F1912F0322}.Debug|Any CPU.Deploy.0 = Debug|Any CPU
		{6643CCED-F214-4F77-BE6D-48F1912F0322}.Debug|iPhone.ActiveCfg = Debug|Any CPU
		{6643CCED-F214-4F77-BE6D-48F1912F0322}.Debug|iPhone.Build.0 = Debug|Any CPU
		{6643CCED-F214-4F77-BE6D-48F1912F0322}.Debug|iPhone.Deploy.0 = Debug|Any CPU
		{6643CCED-F214-4F77-BE6D-48F1912F0322}.Debug|iPhoneSimulator.ActiveCfg = Debug|Any CPU
		{6643CCED-F214-4F77-BE6D-48F1912F0322}.Debug|iPhoneSimulator.Build.0 = Debug|Any CPU
		{6643CCED-F214-4F77-BE6D-48F1912F0322}.Debug|iPhoneSimulator.Deploy.0 = Debug|Any CPU
		{6643CCED-F214-4F77-BE6D-48F1912F0322}.Release|Any CPU.ActiveCfg = Release|Any CPU
		{6643CCED-F214-4F77-BE6D-48F1912F0322}.Release|Any CPU.Build.0 = Release|Any CPU
		{6643CCED-F214-4F77-BE6D-48F1912F0322}.Release|Any CPU.Deploy.0 = Release|Any CPU
		{6643CCED-F214-4F77-BE6D-48F1912F0322}.Release|iPhone.ActiveCfg = Release|Any CPU
		{6643CCED-F214-4F77-BE6D-48F1912F0322}.Release|iPhone.Build.0 = Release|Any CPU
		{6643CCED-F214-4F77-BE6D-48F1912F0322}.Release|iPhone.Deploy.0 = Release|Any CPU
		{6643CCED-F214-4F77-BE6D-48F1912F0322}.Release|iPhoneSimulator.ActiveCfg = Release|Any CPU
		{6643CCED-F214-4F77-BE6D-48F1912F0322}.Release|iPhoneSimulator.Build.0 = Release|Any CPU
		{6643CCED-F214-4F77-BE6D-48F1912F0322}.Release|iPhoneSimulator.Deploy.0 = Release|Any CPU
		{1038C3B0-A8D7-4EAB-A460-AF4FFEAF037E}.Ad-Hoc|Any CPU.ActiveCfg = Release|Any CPU
		{1038C3B0-A8D7-4EAB-A460-AF4FFEAF037E}.Ad-Hoc|Any CPU.Build.0 = Release|Any CPU
		{1038C3B0-A8D7-4EAB-A460-AF4FFEAF037E}.Ad-Hoc|iPhone.ActiveCfg = Release|Any CPU
		{1038C3B0-A8D7-4EAB-A460-AF4FFEAF037E}.Ad-Hoc|iPhone.Build.0 = Release|Any CPU
		{1038C3B0-A8D7-4EAB-A460-AF4FFEAF037E}.Ad-Hoc|iPhoneSimulator.ActiveCfg = Release|Any CPU
		{1038C3B0-A8D7-4EAB-A460-AF4FFEAF037E}.Ad-Hoc|iPhoneSimulator.Build.0 = Release|Any CPU
		{1038C3B0-A8D7-4EAB-A460-AF4FFEAF037E}.AppStore|Any CPU.ActiveCfg = Release|Any CPU
		{1038C3B0-A8D7-4EAB-A460-AF4FFEAF037E}.AppStore|Any CPU.Build.0 = Release|Any CPU
		{1038C3B0-A8D7-4EAB-A460-AF4FFEAF037E}.AppStore|iPhone.ActiveCfg = Release|Any CPU
		{1038C3B0-A8D7-4EAB-A460-AF4FFEAF037E}.AppStore|iPhone.Build.0 = Release|Any CPU
		{1038C3B0-A8D7-4EAB-A460-AF4FFEAF037E}.AppStore|iPhoneSimulator.ActiveCfg = Release|Any CPU
		{1038C3B0-A8D7-4EAB-A460-AF4FFEAF037E}.AppStore|iPhoneSimulator.Build.0 = Release|Any CPU
		{1038C3B0-A8D7-4EAB-A460-AF4FFEAF037E}.Debug|Any CPU.ActiveCfg = Debug|Any CPU
		{1038C3B0-A8D7-4EAB-A460-AF4FFEAF037E}.Debug|Any CPU.Build.0 = Debug|Any CPU
		{1038C3B0-A8D7-4EAB-A460-AF4FFEAF037E}.Debug|iPhone.ActiveCfg = Debug|Any CPU
		{1038C3B0-A8D7-4EAB-A460-AF4FFEAF037E}.Debug|iPhone.Build.0 = Debug|Any CPU
		{1038C3B0-A8D7-4EAB-A460-AF4FFEAF037E}.Debug|iPhoneSimulator.ActiveCfg = Debug|Any CPU
		{1038C3B0-A8D7-4EAB-A460-AF4FFEAF037E}.Debug|iPhoneSimulator.Build.0 = Debug|Any CPU
		{1038C3B0-A8D7-4EAB-A460-AF4FFEAF037E}.Release|Any CPU.ActiveCfg = Release|Any CPU
		{1038C3B0-A8D7-4EAB-A460-AF4FFEAF037E}.Release|Any CPU.Build.0 = Release|Any CPU
		{1038C3B0-A8D7-4EAB-A460-AF4FFEAF037E}.Release|iPhone.ActiveCfg = Release|Any CPU
		{1038C3B0-A8D7-4EAB-A460-AF4FFEAF037E}.Release|iPhone.Build.0 = Release|Any CPU
		{1038C3B0-A8D7-4EAB-A460-AF4FFEAF037E}.Release|iPhoneSimulator.ActiveCfg = Release|Any CPU
		{1038C3B0-A8D7-4EAB-A460-AF4FFEAF037E}.Release|iPhoneSimulator.Build.0 = Release|Any CPU
		{88FDD4E2-B71F-425C-A8A3-BC7BCEDAEB3E}.Ad-Hoc|Any CPU.ActiveCfg = Debug|Any CPU
		{88FDD4E2-B71F-425C-A8A3-BC7BCEDAEB3E}.Ad-Hoc|Any CPU.Build.0 = Debug|Any CPU
		{88FDD4E2-B71F-425C-A8A3-BC7BCEDAEB3E}.Ad-Hoc|iPhone.ActiveCfg = Debug|Any CPU
		{88FDD4E2-B71F-425C-A8A3-BC7BCEDAEB3E}.Ad-Hoc|iPhone.Build.0 = Debug|Any CPU
		{88FDD4E2-B71F-425C-A8A3-BC7BCEDAEB3E}.Ad-Hoc|iPhoneSimulator.ActiveCfg = Debug|Any CPU
		{88FDD4E2-B71F-425C-A8A3-BC7BCEDAEB3E}.Ad-Hoc|iPhoneSimulator.Build.0 = Debug|Any CPU
		{88FDD4E2-B71F-425C-A8A3-BC7BCEDAEB3E}.AppStore|Any CPU.ActiveCfg = Debug|Any CPU
		{88FDD4E2-B71F-425C-A8A3-BC7BCEDAEB3E}.AppStore|Any CPU.Build.0 = Debug|Any CPU
		{88FDD4E2-B71F-425C-A8A3-BC7BCEDAEB3E}.AppStore|iPhone.ActiveCfg = Debug|Any CPU
		{88FDD4E2-B71F-425C-A8A3-BC7BCEDAEB3E}.AppStore|iPhone.Build.0 = Debug|Any CPU
		{88FDD4E2-B71F-425C-A8A3-BC7BCEDAEB3E}.AppStore|iPhoneSimulator.ActiveCfg = Debug|Any CPU
		{88FDD4E2-B71F-425C-A8A3-BC7BCEDAEB3E}.AppStore|iPhoneSimulator.Build.0 = Debug|Any CPU
		{88FDD4E2-B71F-425C-A8A3-BC7BCEDAEB3E}.Debug|Any CPU.ActiveCfg = Debug|Any CPU
		{88FDD4E2-B71F-425C-A8A3-BC7BCEDAEB3E}.Debug|Any CPU.Build.0 = Debug|Any CPU
		{88FDD4E2-B71F-425C-A8A3-BC7BCEDAEB3E}.Debug|iPhone.ActiveCfg = Debug|Any CPU
		{88FDD4E2-B71F-425C-A8A3-BC7BCEDAEB3E}.Debug|iPhone.Build.0 = Debug|Any CPU
		{88FDD4E2-B71F-425C-A8A3-BC7BCEDAEB3E}.Debug|iPhoneSimulator.ActiveCfg = Debug|Any CPU
		{88FDD4E2-B71F-425C-A8A3-BC7BCEDAEB3E}.Debug|iPhoneSimulator.Build.0 = Debug|Any CPU
		{88FDD4E2-B71F-425C-A8A3-BC7BCEDAEB3E}.Release|Any CPU.ActiveCfg = Release|Any CPU
		{88FDD4E2-B71F-425C-A8A3-BC7BCEDAEB3E}.Release|Any CPU.Build.0 = Release|Any CPU
		{88FDD4E2-B71F-425C-A8A3-BC7BCEDAEB3E}.Release|iPhone.ActiveCfg = Release|Any CPU
		{88FDD4E2-B71F-425C-A8A3-BC7BCEDAEB3E}.Release|iPhone.Build.0 = Release|Any CPU
		{88FDD4E2-B71F-425C-A8A3-BC7BCEDAEB3E}.Release|iPhoneSimulator.ActiveCfg = Release|Any CPU
		{88FDD4E2-B71F-425C-A8A3-BC7BCEDAEB3E}.Release|iPhoneSimulator.Build.0 = Release|Any CPU
	EndGlobalSection
	GlobalSection(SolutionProperties) = preSolution
		HideSolutionNode = FALSE
	EndGlobalSection
	GlobalSection(ExtensibilityGlobals) = postSolution
		SolutionGuid = {14E2D92C-C2F5-45FD-AD09-E6FDA94DF82B}
	EndGlobalSection
EndGlobal
